
Microsoft Visual Studio Solution File, Format Version 12.00
# Visual Studio Version 16
VisualStudioVersion = 16.0.31410.357
MinimumVisualStudioVersion = 10.0.40219.1
Project("{FAE04EC0-301F-11D3-BF4B-00C04F79EFBC}") = "ControlableAccess", "ControlableAccess\ControlableAccess.csproj", "{1F690B00-34A5-43FC-A314-F251837AFCFB}"
EndProject
Global
	GlobalSection(SolutionConfigurationPlatforms) = preSolution
		Debug|Any CPU = Debug|Any CPU
		Release|Any CPU = Release|Any CPU
	EndGlobalSection
	GlobalSection(ProjectConfigurationPlatforms) = postSolution
		{1F690B00-34A5-43FC-A314-F251837AFCFB}.Debug|Any CPU.ActiveCfg = Debug|Any CPU
		{1F690B00-34A5-43FC-A314-F251837AFCFB}.Debug|Any CPU.Build.0 = Debug|Any CPU
		{1F690B00-34A5-43FC-A314-F251837AFCFB}.Release|Any CPU.ActiveCfg = Release|Any CPU
		{1F690B00-34A5-43FC-A314-F251837AFCFB}.Release|Any CPU.Build.0 = Release|Any CPU
	EndGlobalSection
	GlobalSection(SolutionProperties) = preSolution
		HideSolutionNode = FALSE
	EndGlobalSection
	GlobalSection(ExtensibilityGlobals) = postSolution
		SolutionGuid = {C784DC53-9F8C-4B3D-B3BF-BC2B0771373E}
	EndGlobalSection
EndGlobal
